
Microsoft Visual Studio Solution File, Format Version 12.00
# Visual Studio Version 17
VisualStudioVersion = 17.13.35919.96 d17.13
MinimumVisualStudioVersion = 10.0.40219.1
Project("{FAE04EC0-301F-11D3-BF4B-00C04F79EFBC}") = "FinalProject_Team1", "FinalProject_Team1\FinalProject_Team1.csproj", "{D0BBDF49-8D2C-46DB-AEBC-0C9658924685}"
EndProject
Global
	GlobalSection(SolutionConfigurationPlatforms) = preSolution
		Debug|Any CPU = Debug|Any CPU
		Release|Any CPU = Release|Any CPU
	EndGlobalSection
	GlobalSection(ProjectConfigurationPlatforms) = postSolution
		{D0BBDF49-8D2C-46DB-AEBC-0C9658924685}.Debug|Any CPU.ActiveCfg = Debug|Any CPU
		{D0BBDF49-8D2C-46DB-AEBC-0C9658924685}.Debug|Any CPU.Build.0 = Debug|Any CPU
		{D0BBDF49-8D2C-46DB-AEBC-0C9658924685}.Release|Any CPU.ActiveCfg = Release|Any CPU
		{D0BBDF49-8D2C-46DB-AEBC-0C9658924685}.Release|Any CPU.Build.0 = Release|Any CPU
	EndGlobalSection
	GlobalSection(SolutionProperties) = preSolution
		HideSolutionNode = FALSE
	EndGlobalSection
	GlobalSection(ExtensibilityGlobals) = postSolution
		SolutionGuid = {DB56E9C7-1BC2-49B0-8682-E6414BC4CC80}
	EndGlobalSection
EndGlobal
